
Microsoft Visual Studio Solution File, Format Version 12.00
# Visual Studio 15
VisualStudioVersion = 15.0.27428.2005
MinimumVisualStudioVersion = 10.0.40219.1
Project("{FAE04EC0-301F-11D3-BF4B-00C04F79EFBC}") = "Ensco.Irma.Models", "Ensco.Irma.Models\Ensco.Irma.Models.csproj", "{11951D8A-E825-432D-95FF-01D715CE6EBF}"
EndProject
Project("{FAE04EC0-301F-11D3-BF4B-00C04F79EFBC}") = "Ensco.Irma.Data", "Ensco.Irma.Data\Ensco.Irma.Data.csproj", "{9F5630DE-5CCD-425D-8262-C3BA93803690}"
EndProject
Project("{FAE04EC0-301F-11D3-BF4B-00C04F79EFBC}") = "Ensco.Irma.Services", "Ensco.Irma.Services\Ensco.Irma.Services.csproj", "{C42B9B73-4A9B-46D9-A47E-2ED718793B2D}"
EndProject
Project("{FAE04EC0-301F-11D3-BF4B-00C04F79EFBC}") = "Ensco.App", "Ensco.App\Ensco.App.csproj", "{A5EEAABF-6428-4B21-A0D0-82B1193AB92D}"
	ProjectSection(ProjectDependencies) = postProject
		{3A02C55B-EAC6-4C25-8A56-36BBBB70FBC2} = {3A02C55B-EAC6-4C25-8A56-36BBBB70FBC2}
		{E1D1D9EB-A927-420F-8B99-BCEEF22A0A05} = {E1D1D9EB-A927-420F-8B99-BCEEF22A0A05}
	EndProjectSection
EndProject
Project("{FAE04EC0-301F-11D3-BF4B-00C04F79EFBC}") = "Ensco.Data", "..\..\Common\Ensco.Data\Ensco.Data.csproj", "{39DD50F9-5E99-4D17-B5A0-C49640394AE9}"
EndProject
Project("{FAE04EC0-301F-11D3-BF4B-00C04F79EFBC}") = "Ensco.Models", "..\..\Common\Ensco.Models\Ensco.Models.csproj", "{A540798D-BF18-486B-9C38-2AEA1A7335AA}"
EndProject
Project("{FAE04EC0-301F-11D3-BF4B-00C04F79EFBC}") = "Ensco.Services", "..\..\Common\Ensco.Services\Ensco.Services.csproj", "{0E50C336-C978-41AD-AB2C-3D951D04F929}"
EndProject
Project("{FAE04EC0-301F-11D3-BF4B-00C04F79EFBC}") = "Ensco.Utilities", "..\..\Common\Ensco.Utilities\Ensco.Utilities.csproj", "{E8B301A0-D57F-42AE-9B87-DA32D0DFC258}"
EndProject
Project("{FAE04EC0-301F-11D3-BF4B-00C04F79EFBC}") = "Ensco.Resources", "..\..\Common\Ensco.Resources\Ensco.Resources.csproj", "{AFD3A5C8-2140-4FEE-B3E1-D28BDD3B6917}"
EndProject
Project("{FAE04EC0-301F-11D3-BF4B-00C04F79EFBC}") = "Ensco.FSO.Models", "Ensco.FSO.Models\Ensco.FSO.Models.csproj", "{FF53932F-2CEF-40DA-B2D1-F951869CF6C3}"
EndProject
Project("{FAE04EC0-301F-11D3-BF4B-00C04F79EFBC}") = "Ensco.FSO.Services", "Ensco.FSO.Services\Ensco.FSO.Services.csproj", "{BA70A80F-7E1A-4E6A-9A9F-537BA9841791}"
EndProject
Project("{FAE04EC0-301F-11D3-BF4B-00C04F79EFBC}") = "Ensco.TLC.Data", "..\Ensco.TLC.App\Ensco.TLC.Data\Ensco.TLC.Data.csproj", "{B09E49C6-230D-4FE4-8F3F-661FDE4D513C}"
EndProject
Project("{FAE04EC0-301F-11D3-BF4B-00C04F79EFBC}") = "Ensco.TLC.Models", "..\Ensco.TLC.App\Ensco.TLC.Models\Ensco.TLC.Models.csproj", "{3A02C55B-EAC6-4C25-8A56-36BBBB70FBC2}"
EndProject
Project("{FAE04EC0-301F-11D3-BF4B-00C04F79EFBC}") = "Ensco.TLC.Services", "..\Ensco.TLC.App\Ensco.TLC.Services\Ensco.TLC.Services.csproj", "{E1D1D9EB-A927-420F-8B99-BCEEF22A0A05}"
EndProject
Project("{FAE04EC0-301F-11D3-BF4B-00C04F79EFBC}") = "Ensco.Irma.Oap.Common", "Ensco.Oap.Common\Ensco.Irma.Oap.Common.csproj", "{5A4A43B0-0F77-46FF-A269-F2F2BBA05B04}"
EndProject
Project("{FAE04EC0-301F-11D3-BF4B-00C04F79EFBC}") = "Ensco.Scheduler", "Ensco.Scheduler\Ensco.Scheduler.csproj", "{3DBC81AC-58A9-44D7-A2D5-E9D57617DFE1}"
EndProject
Project("{FAE04EC0-301F-11D3-BF4B-00C04F79EFBC}") = "Ensco.OAP.Models", "Ensco.OAP.Models\Ensco.OAP.Models.csproj", "{9D824D72-7721-4DBC-986B-27D6314B4B93}"
EndProject
Project("{FAE04EC0-301F-11D3-BF4B-00C04F79EFBC}") = "Ensco.OAP.Services", "Ensco.OAP.Services\Ensco.OAP.Services.csproj", "{F977169F-CC86-4A8C-9966-5866B960480E}"
EndProject
Global
	GlobalSection(SolutionConfigurationPlatforms) = preSolution
		Corp-UAT|Any CPU = Corp-UAT|Any CPU
		Debug|Any CPU = Debug|Any CPU
		IRMA-RIG-DEV|Any CPU = IRMA-RIG-DEV|Any CPU
		Release|Any CPU = Release|Any CPU
		RIG-UAT|Any CPU = RIG-UAT|Any CPU
		UAT|Any CPU = UAT|Any CPU
	EndGlobalSection
	GlobalSection(ProjectConfigurationPlatforms) = postSolution
		{11951D8A-E825-432D-95FF-01D715CE6EBF}.Corp-UAT|Any CPU.ActiveCfg = Corp-UAT|Any CPU
		{11951D8A-E825-432D-95FF-01D715CE6EBF}.Corp-UAT|Any CPU.Build.0 = Corp-UAT|Any CPU
		{11951D8A-E825-432D-95FF-01D715CE6EBF}.Debug|Any CPU.ActiveCfg = Debug|Any CPU
		{11951D8A-E825-432D-95FF-01D715CE6EBF}.Debug|Any CPU.Build.0 = Debug|Any CPU
		{11951D8A-E825-432D-95FF-01D715CE6EBF}.IRMA-RIG-DEV|Any CPU.ActiveCfg = IRMA-RIG-DEV|Any CPU
		{11951D8A-E825-432D-95FF-01D715CE6EBF}.IRMA-RIG-DEV|Any CPU.Build.0 = IRMA-RIG-DEV|Any CPU
		{11951D8A-E825-432D-95FF-01D715CE6EBF}.Release|Any CPU.ActiveCfg = Release|Any CPU
		{11951D8A-E825-432D-95FF-01D715CE6EBF}.Release|Any CPU.Build.0 = Release|Any CPU
		{11951D8A-E825-432D-95FF-01D715CE6EBF}.RIG-UAT|Any CPU.ActiveCfg = RIG-UAT|Any CPU
		{11951D8A-E825-432D-95FF-01D715CE6EBF}.RIG-UAT|Any CPU.Build.0 = RIG-UAT|Any CPU
		{11951D8A-E825-432D-95FF-01D715CE6EBF}.UAT|Any CPU.ActiveCfg = Release|Any CPU
		{11951D8A-E825-432D-95FF-01D715CE6EBF}.UAT|Any CPU.Build.0 = Release|Any CPU
		{9F5630DE-5CCD-425D-8262-C3BA93803690}.Corp-UAT|Any CPU.ActiveCfg = Corp-UAT|Any CPU
		{9F5630DE-5CCD-425D-8262-C3BA93803690}.Corp-UAT|Any CPU.Build.0 = Corp-UAT|Any CPU
		{9F5630DE-5CCD-425D-8262-C3BA93803690}.Debug|Any CPU.ActiveCfg = Debug|Any CPU
		{9F5630DE-5CCD-425D-8262-C3BA93803690}.Debug|Any CPU.Build.0 = Debug|Any CPU
		{9F5630DE-5CCD-425D-8262-C3BA93803690}.IRMA-RIG-DEV|Any CPU.ActiveCfg = IRMA-RIG-DEV|Any CPU
		{9F5630DE-5CCD-425D-8262-C3BA93803690}.IRMA-RIG-DEV|Any CPU.Build.0 = IRMA-RIG-DEV|Any CPU
		{9F5630DE-5CCD-425D-8262-C3BA93803690}.Release|Any CPU.ActiveCfg = Release|Any CPU
		{9F5630DE-5CCD-425D-8262-C3BA93803690}.Release|Any CPU.Build.0 = Release|Any CPU
		{9F5630DE-5CCD-425D-8262-C3BA93803690}.RIG-UAT|Any CPU.ActiveCfg = RIG-UAT|Any CPU
		{9F5630DE-5CCD-425D-8262-C3BA93803690}.RIG-UAT|Any CPU.Build.0 = RIG-UAT|Any CPU
		{9F5630DE-5CCD-425D-8262-C3BA93803690}.UAT|Any CPU.ActiveCfg = Release|Any CPU
		{9F5630DE-5CCD-425D-8262-C3BA93803690}.UAT|Any CPU.Build.0 = Release|Any CPU
		{C42B9B73-4A9B-46D9-A47E-2ED718793B2D}.Corp-UAT|Any CPU.ActiveCfg = Corp-UAT|Any CPU
		{C42B9B73-4A9B-46D9-A47E-2ED718793B2D}.Corp-UAT|Any CPU.Build.0 = Corp-UAT|Any CPU
		{C42B9B73-4A9B-46D9-A47E-2ED718793B2D}.Debug|Any CPU.ActiveCfg = Debug|Any CPU
		{C42B9B73-4A9B-46D9-A47E-2ED718793B2D}.Debug|Any CPU.Build.0 = Debug|Any CPU
		{C42B9B73-4A9B-46D9-A47E-2ED718793B2D}.IRMA-RIG-DEV|Any CPU.ActiveCfg = IRMA-RIG-DEV|Any CPU
		{C42B9B73-4A9B-46D9-A47E-2ED718793B2D}.IRMA-RIG-DEV|Any CPU.Build.0 = IRMA-RIG-DEV|Any CPU
		{C42B9B73-4A9B-46D9-A47E-2ED718793B2D}.Release|Any CPU.ActiveCfg = Release|Any CPU
		{C42B9B73-4A9B-46D9-A47E-2ED718793B2D}.Release|Any CPU.Build.0 = Release|Any CPU
		{C42B9B73-4A9B-46D9-A47E-2ED718793B2D}.RIG-UAT|Any CPU.ActiveCfg = RIG-UAT|Any CPU
		{C42B9B73-4A9B-46D9-A47E-2ED718793B2D}.RIG-UAT|Any CPU.Build.0 = RIG-UAT|Any CPU
		{C42B9B73-4A9B-46D9-A47E-2ED718793B2D}.UAT|Any CPU.ActiveCfg = Release|Any CPU
		{C42B9B73-4A9B-46D9-A47E-2ED718793B2D}.UAT|Any CPU.Build.0 = Release|Any CPU
		{A5EEAABF-6428-4B21-A0D0-82B1193AB92D}.Corp-UAT|Any CPU.ActiveCfg = Corp-UAT|Any CPU
		{A5EEAABF-6428-4B21-A0D0-82B1193AB92D}.Corp-UAT|Any CPU.Build.0 = Corp-UAT|Any CPU
		{A5EEAABF-6428-4B21-A0D0-82B1193AB92D}.Debug|Any CPU.ActiveCfg = Debug|Any CPU
		{A5EEAABF-6428-4B21-A0D0-82B1193AB92D}.Debug|Any CPU.Build.0 = Debug|Any CPU
		{A5EEAABF-6428-4B21-A0D0-82B1193AB92D}.IRMA-RIG-DEV|Any CPU.ActiveCfg = RIG-UAT|Any CPU
		{A5EEAABF-6428-4B21-A0D0-82B1193AB92D}.IRMA-RIG-DEV|Any CPU.Build.0 = RIG-UAT|Any CPU
		{A5EEAABF-6428-4B21-A0D0-82B1193AB92D}.Release|Any CPU.ActiveCfg = Release|Any CPU
		{A5EEAABF-6428-4B21-A0D0-82B1193AB92D}.Release|Any CPU.Build.0 = Release|Any CPU
		{A5EEAABF-6428-4B21-A0D0-82B1193AB92D}.RIG-UAT|Any CPU.ActiveCfg = RIG-UAT|Any CPU
		{A5EEAABF-6428-4B21-A0D0-82B1193AB92D}.RIG-UAT|Any CPU.Build.0 = RIG-UAT|Any CPU
		{A5EEAABF-6428-4B21-A0D0-82B1193AB92D}.UAT|Any CPU.ActiveCfg = Release|Any CPU
		{A5EEAABF-6428-4B21-A0D0-82B1193AB92D}.UAT|Any CPU.Build.0 = Release|Any CPU
		{39DD50F9-5E99-4D17-B5A0-C49640394AE9}.Corp-UAT|Any CPU.ActiveCfg = Corp-UAT|Any CPU
		{39DD50F9-5E99-4D17-B5A0-C49640394AE9}.Corp-UAT|Any CPU.Build.0 = Corp-UAT|Any CPU
		{39DD50F9-5E99-4D17-B5A0-C49640394AE9}.Debug|Any CPU.ActiveCfg = Debug|Any CPU
		{39DD50F9-5E99-4D17-B5A0-C49640394AE9}.Debug|Any CPU.Build.0 = Debug|Any CPU
		{39DD50F9-5E99-4D17-B5A0-C49640394AE9}.IRMA-RIG-DEV|Any CPU.ActiveCfg = IRMA-RIG-DEV|Any CPU
		{39DD50F9-5E99-4D17-B5A0-C49640394AE9}.IRMA-RIG-DEV|Any CPU.Build.0 = IRMA-RIG-DEV|Any CPU
		{39DD50F9-5E99-4D17-B5A0-C49640394AE9}.Release|Any CPU.ActiveCfg = Release|Any CPU
		{39DD50F9-5E99-4D17-B5A0-C49640394AE9}.Release|Any CPU.Build.0 = Release|Any CPU
		{39DD50F9-5E99-4D17-B5A0-C49640394AE9}.RIG-UAT|Any CPU.ActiveCfg = RIG-UAT|Any CPU
		{39DD50F9-5E99-4D17-B5A0-C49640394AE9}.RIG-UAT|Any CPU.Build.0 = RIG-UAT|Any CPU
		{39DD50F9-5E99-4D17-B5A0-C49640394AE9}.UAT|Any CPU.ActiveCfg = Release|Any CPU
		{39DD50F9-5E99-4D17-B5A0-C49640394AE9}.UAT|Any CPU.Build.0 = Release|Any CPU
		{A540798D-BF18-486B-9C38-2AEA1A7335AA}.Corp-UAT|Any CPU.ActiveCfg = Corp-UAT|Any CPU
		{A540798D-BF18-486B-9C38-2AEA1A7335AA}.Corp-UAT|Any CPU.Build.0 = Corp-UAT|Any CPU
		{A540798D-BF18-486B-9C38-2AEA1A7335AA}.Debug|Any CPU.ActiveCfg = Debug|Any CPU
		{A540798D-BF18-486B-9C38-2AEA1A7335AA}.Debug|Any CPU.Build.0 = Debug|Any CPU
		{A540798D-BF18-486B-9C38-2AEA1A7335AA}.IRMA-RIG-DEV|Any CPU.ActiveCfg = IRMA-RIG-DEV|Any CPU
		{A540798D-BF18-486B-9C38-2AEA1A7335AA}.IRMA-RIG-DEV|Any CPU.Build.0 = IRMA-RIG-DEV|Any CPU
		{A540798D-BF18-486B-9C38-2AEA1A7335AA}.Release|Any CPU.ActiveCfg = Release|Any CPU
		{A540798D-BF18-486B-9C38-2AEA1A7335AA}.Release|Any CPU.Build.0 = Release|Any CPU
		{A540798D-BF18-486B-9C38-2AEA1A7335AA}.RIG-UAT|Any CPU.ActiveCfg = RIG-UAT|Any CPU
		{A540798D-BF18-486B-9C38-2AEA1A7335AA}.RIG-UAT|Any CPU.Build.0 = RIG-UAT|Any CPU
		{A540798D-BF18-486B-9C38-2AEA1A7335AA}.UAT|Any CPU.ActiveCfg = Release|Any CPU
		{A540798D-BF18-486B-9C38-2AEA1A7335AA}.UAT|Any CPU.Build.0 = Release|Any CPU
		{0E50C336-C978-41AD-AB2C-3D951D04F929}.Corp-UAT|Any CPU.ActiveCfg = Corp-UAT|Any CPU
		{0E50C336-C978-41AD-AB2C-3D951D04F929}.Corp-UAT|Any CPU.Build.0 = Corp-UAT|Any CPU
		{0E50C336-C978-41AD-AB2C-3D951D04F929}.Debug|Any CPU.ActiveCfg = Debug|Any CPU
		{0E50C336-C978-41AD-AB2C-3D951D04F929}.Debug|Any CPU.Build.0 = Debug|Any CPU
		{0E50C336-C978-41AD-AB2C-3D951D04F929}.IRMA-RIG-DEV|Any CPU.ActiveCfg = IRMA-RIG-DEV|Any CPU
		{0E50C336-C978-41AD-AB2C-3D951D04F929}.IRMA-RIG-DEV|Any CPU.Build.0 = IRMA-RIG-DEV|Any CPU
		{0E50C336-C978-41AD-AB2C-3D951D04F929}.Release|Any CPU.ActiveCfg = Release|Any CPU
		{0E50C336-C978-41AD-AB2C-3D951D04F929}.Release|Any CPU.Build.0 = Release|Any CPU
		{0E50C336-C978-41AD-AB2C-3D951D04F929}.RIG-UAT|Any CPU.ActiveCfg = RIG-UAT|Any CPU
		{0E50C336-C978-41AD-AB2C-3D951D04F929}.RIG-UAT|Any CPU.Build.0 = RIG-UAT|Any CPU
		{0E50C336-C978-41AD-AB2C-3D951D04F929}.UAT|Any CPU.ActiveCfg = Release|Any CPU
		{0E50C336-C978-41AD-AB2C-3D951D04F929}.UAT|Any CPU.Build.0 = Release|Any CPU
		{E8B301A0-D57F-42AE-9B87-DA32D0DFC258}.Corp-UAT|Any CPU.ActiveCfg = Corp-UAT|Any CPU
		{E8B301A0-D57F-42AE-9B87-DA32D0DFC258}.Corp-UAT|Any CPU.Build.0 = Corp-UAT|Any CPU
		{E8B301A0-D57F-42AE-9B87-DA32D0DFC258}.Debug|Any CPU.ActiveCfg = Debug|Any CPU
		{E8B301A0-D57F-42AE-9B87-DA32D0DFC258}.Debug|Any CPU.Build.0 = Debug|Any CPU
		{E8B301A0-D57F-42AE-9B87-DA32D0DFC258}.IRMA-RIG-DEV|Any CPU.ActiveCfg = IRMA-RIG-DEV|Any CPU
		{E8B301A0-D57F-42AE-9B87-DA32D0DFC258}.IRMA-RIG-DEV|Any CPU.Build.0 = IRMA-RIG-DEV|Any CPU
		{E8B301A0-D57F-42AE-9B87-DA32D0DFC258}.Release|Any CPU.ActiveCfg = Release|Any CPU
		{E8B301A0-D57F-42AE-9B87-DA32D0DFC258}.Release|Any CPU.Build.0 = Release|Any CPU
		{E8B301A0-D57F-42AE-9B87-DA32D0DFC258}.RIG-UAT|Any CPU.ActiveCfg = RIG-UAT|Any CPU
		{E8B301A0-D57F-42AE-9B87-DA32D0DFC258}.RIG-UAT|Any CPU.Build.0 = RIG-UAT|Any CPU
		{E8B301A0-D57F-42AE-9B87-DA32D0DFC258}.UAT|Any CPU.ActiveCfg = Release|Any CPU
		{E8B301A0-D57F-42AE-9B87-DA32D0DFC258}.UAT|Any CPU.Build.0 = Release|Any CPU
		{AFD3A5C8-2140-4FEE-B3E1-D28BDD3B6917}.Corp-UAT|Any CPU.ActiveCfg = Corp-UAT|Any CPU
		{AFD3A5C8-2140-4FEE-B3E1-D28BDD3B6917}.Corp-UAT|Any CPU.Build.0 = Corp-UAT|Any CPU
		{AFD3A5C8-2140-4FEE-B3E1-D28BDD3B6917}.Debug|Any CPU.ActiveCfg = Debug|Any CPU
		{AFD3A5C8-2140-4FEE-B3E1-D28BDD3B6917}.Debug|Any CPU.Build.0 = Debug|Any CPU
		{AFD3A5C8-2140-4FEE-B3E1-D28BDD3B6917}.IRMA-RIG-DEV|Any CPU.ActiveCfg = IRMA-RIG-DEV|Any CPU
		{AFD3A5C8-2140-4FEE-B3E1-D28BDD3B6917}.IRMA-RIG-DEV|Any CPU.Build.0 = IRMA-RIG-DEV|Any CPU
		{AFD3A5C8-2140-4FEE-B3E1-D28BDD3B6917}.Release|Any CPU.ActiveCfg = Release|Any CPU
		{AFD3A5C8-2140-4FEE-B3E1-D28BDD3B6917}.Release|Any CPU.Build.0 = Release|Any CPU
		{AFD3A5C8-2140-4FEE-B3E1-D28BDD3B6917}.RIG-UAT|Any CPU.ActiveCfg = RIG-UAT|Any CPU
		{AFD3A5C8-2140-4FEE-B3E1-D28BDD3B6917}.RIG-UAT|Any CPU.Build.0 = RIG-UAT|Any CPU
		{AFD3A5C8-2140-4FEE-B3E1-D28BDD3B6917}.UAT|Any CPU.ActiveCfg = Release|Any CPU
		{AFD3A5C8-2140-4FEE-B3E1-D28BDD3B6917}.UAT|Any CPU.Build.0 = Release|Any CPU
		{FF53932F-2CEF-40DA-B2D1-F951869CF6C3}.Corp-UAT|Any CPU.ActiveCfg = Corp-UAT|Any CPU
		{FF53932F-2CEF-40DA-B2D1-F951869CF6C3}.Corp-UAT|Any CPU.Build.0 = Corp-UAT|Any CPU
		{FF53932F-2CEF-40DA-B2D1-F951869CF6C3}.Debug|Any CPU.ActiveCfg = Debug|Any CPU
		{FF53932F-2CEF-40DA-B2D1-F951869CF6C3}.Debug|Any CPU.Build.0 = Debug|Any CPU
		{FF53932F-2CEF-40DA-B2D1-F951869CF6C3}.IRMA-RIG-DEV|Any CPU.ActiveCfg = IRMA-RIG-DEV|Any CPU
		{FF53932F-2CEF-40DA-B2D1-F951869CF6C3}.IRMA-RIG-DEV|Any CPU.Build.0 = IRMA-RIG-DEV|Any CPU
		{FF53932F-2CEF-40DA-B2D1-F951869CF6C3}.Release|Any CPU.ActiveCfg = Release|Any CPU
		{FF53932F-2CEF-40DA-B2D1-F951869CF6C3}.Release|Any CPU.Build.0 = Release|Any CPU
		{FF53932F-2CEF-40DA-B2D1-F951869CF6C3}.RIG-UAT|Any CPU.ActiveCfg = RIG-UAT|Any CPU
		{FF53932F-2CEF-40DA-B2D1-F951869CF6C3}.RIG-UAT|Any CPU.Build.0 = RIG-UAT|Any CPU
		{FF53932F-2CEF-40DA-B2D1-F951869CF6C3}.UAT|Any CPU.ActiveCfg = Release|Any CPU
		{FF53932F-2CEF-40DA-B2D1-F951869CF6C3}.UAT|Any CPU.Build.0 = Release|Any CPU
		{BA70A80F-7E1A-4E6A-9A9F-537BA9841791}.Corp-UAT|Any CPU.ActiveCfg = Corp-UAT|Any CPU
		{BA70A80F-7E1A-4E6A-9A9F-537BA9841791}.Corp-UAT|Any CPU.Build.0 = Corp-UAT|Any CPU
		{BA70A80F-7E1A-4E6A-9A9F-537BA9841791}.Debug|Any CPU.ActiveCfg = Debug|Any CPU
		{BA70A80F-7E1A-4E6A-9A9F-537BA9841791}.Debug|Any CPU.Build.0 = Debug|Any CPU
		{BA70A80F-7E1A-4E6A-9A9F-537BA9841791}.IRMA-RIG-DEV|Any CPU.ActiveCfg = IRMA-RIG-DEV|Any CPU
		{BA70A80F-7E1A-4E6A-9A9F-537BA9841791}.IRMA-RIG-DEV|Any CPU.Build.0 = IRMA-RIG-DEV|Any CPU
		{BA70A80F-7E1A-4E6A-9A9F-537BA9841791}.Release|Any CPU.ActiveCfg = Release|Any CPU
		{BA70A80F-7E1A-4E6A-9A9F-537BA9841791}.Release|Any CPU.Build.0 = Release|Any CPU
		{BA70A80F-7E1A-4E6A-9A9F-537BA9841791}.RIG-UAT|Any CPU.ActiveCfg = RIG-UAT|Any CPU
		{BA70A80F-7E1A-4E6A-9A9F-537BA9841791}.RIG-UAT|Any CPU.Build.0 = RIG-UAT|Any CPU
		{BA70A80F-7E1A-4E6A-9A9F-537BA9841791}.UAT|Any CPU.ActiveCfg = Release|Any CPU
		{BA70A80F-7E1A-4E6A-9A9F-537BA9841791}.UAT|Any CPU.Build.0 = Release|Any CPU
		{B09E49C6-230D-4FE4-8F3F-661FDE4D513C}.Corp-UAT|Any CPU.ActiveCfg = Corp-UAT|Any CPU
		{B09E49C6-230D-4FE4-8F3F-661FDE4D513C}.Corp-UAT|Any CPU.Build.0 = Corp-UAT|Any CPU
		{B09E49C6-230D-4FE4-8F3F-661FDE4D513C}.Debug|Any CPU.ActiveCfg = Debug|Any CPU
		{B09E49C6-230D-4FE4-8F3F-661FDE4D513C}.Debug|Any CPU.Build.0 = Debug|Any CPU
		{B09E49C6-230D-4FE4-8F3F-661FDE4D513C}.IRMA-RIG-DEV|Any CPU.ActiveCfg = IRMA-RIG-DEV|Any CPU
		{B09E49C6-230D-4FE4-8F3F-661FDE4D513C}.IRMA-RIG-DEV|Any CPU.Build.0 = IRMA-RIG-DEV|Any CPU
		{B09E49C6-230D-4FE4-8F3F-661FDE4D513C}.Release|Any CPU.ActiveCfg = Release|Any CPU
		{B09E49C6-230D-4FE4-8F3F-661FDE4D513C}.Release|Any CPU.Build.0 = Release|Any CPU
		{B09E49C6-230D-4FE4-8F3F-661FDE4D513C}.RIG-UAT|Any CPU.ActiveCfg = RIG-UAT|Any CPU
		{B09E49C6-230D-4FE4-8F3F-661FDE4D513C}.RIG-UAT|Any CPU.Build.0 = RIG-UAT|Any CPU
		{B09E49C6-230D-4FE4-8F3F-661FDE4D513C}.UAT|Any CPU.ActiveCfg = UAT|Any CPU
		{B09E49C6-230D-4FE4-8F3F-661FDE4D513C}.UAT|Any CPU.Build.0 = UAT|Any CPU
		{3A02C55B-EAC6-4C25-8A56-36BBBB70FBC2}.Corp-UAT|Any CPU.ActiveCfg = Corp-UAT|Any CPU
		{3A02C55B-EAC6-4C25-8A56-36BBBB70FBC2}.Corp-UAT|Any CPU.Build.0 = Corp-UAT|Any CPU
		{3A02C55B-EAC6-4C25-8A56-36BBBB70FBC2}.Debug|Any CPU.ActiveCfg = Debug|Any CPU
		{3A02C55B-EAC6-4C25-8A56-36BBBB70FBC2}.Debug|Any CPU.Build.0 = Debug|Any CPU
		{3A02C55B-EAC6-4C25-8A56-36BBBB70FBC2}.IRMA-RIG-DEV|Any CPU.ActiveCfg = IRMA-RIG-DEV|Any CPU
		{3A02C55B-EAC6-4C25-8A56-36BBBB70FBC2}.IRMA-RIG-DEV|Any CPU.Build.0 = IRMA-RIG-DEV|Any CPU
		{3A02C55B-EAC6-4C25-8A56-36BBBB70FBC2}.Release|Any CPU.ActiveCfg = Release|Any CPU
		{3A02C55B-EAC6-4C25-8A56-36BBBB70FBC2}.Release|Any CPU.Build.0 = Release|Any CPU
		{3A02C55B-EAC6-4C25-8A56-36BBBB70FBC2}.RIG-UAT|Any CPU.ActiveCfg = RIG-UAT|Any CPU
		{3A02C55B-EAC6-4C25-8A56-36BBBB70FBC2}.RIG-UAT|Any CPU.Build.0 = RIG-UAT|Any CPU
		{3A02C55B-EAC6-4C25-8A56-36BBBB70FBC2}.UAT|Any CPU.ActiveCfg = UAT|Any CPU
		{3A02C55B-EAC6-4C25-8A56-36BBBB70FBC2}.UAT|Any CPU.Build.0 = UAT|Any CPU
		{E1D1D9EB-A927-420F-8B99-BCEEF22A0A05}.Corp-UAT|Any CPU.ActiveCfg = Corp-UAT|Any CPU
		{E1D1D9EB-A927-420F-8B99-BCEEF22A0A05}.Corp-UAT|Any CPU.Build.0 = Corp-UAT|Any CPU
		{E1D1D9EB-A927-420F-8B99-BCEEF22A0A05}.Debug|Any CPU.ActiveCfg = Debug|Any CPU
		{E1D1D9EB-A927-420F-8B99-BCEEF22A0A05}.Debug|Any CPU.Build.0 = Debug|Any CPU
		{E1D1D9EB-A927-420F-8B99-BCEEF22A0A05}.IRMA-RIG-DEV|Any CPU.ActiveCfg = IRMA-RIG-DEV|Any CPU
		{E1D1D9EB-A927-420F-8B99-BCEEF22A0A05}.IRMA-RIG-DEV|Any CPU.Build.0 = IRMA-RIG-DEV|Any CPU
		{E1D1D9EB-A927-420F-8B99-BCEEF22A0A05}.Release|Any CPU.ActiveCfg = Release|Any CPU
		{E1D1D9EB-A927-420F-8B99-BCEEF22A0A05}.Release|Any CPU.Build.0 = Release|Any CPU
		{E1D1D9EB-A927-420F-8B99-BCEEF22A0A05}.RIG-UAT|Any CPU.ActiveCfg = RIG-UAT|Any CPU
		{E1D1D9EB-A927-420F-8B99-BCEEF22A0A05}.RIG-UAT|Any CPU.Build.0 = RIG-UAT|Any CPU
		{E1D1D9EB-A927-420F-8B99-BCEEF22A0A05}.UAT|Any CPU.ActiveCfg = UAT|Any CPU
		{E1D1D9EB-A927-420F-8B99-BCEEF22A0A05}.UAT|Any CPU.Build.0 = UAT|Any CPU
		{5A4A43B0-0F77-46FF-A269-F2F2BBA05B04}.Corp-UAT|Any CPU.ActiveCfg = Corp-UAT|Any CPU
		{5A4A43B0-0F77-46FF-A269-F2F2BBA05B04}.Corp-UAT|Any CPU.Build.0 = Corp-UAT|Any CPU
		{5A4A43B0-0F77-46FF-A269-F2F2BBA05B04}.Debug|Any CPU.ActiveCfg = Debug|Any CPU
		{5A4A43B0-0F77-46FF-A269-F2F2BBA05B04}.Debug|Any CPU.Build.0 = Debug|Any CPU
		{5A4A43B0-0F77-46FF-A269-F2F2BBA05B04}.IRMA-RIG-DEV|Any CPU.ActiveCfg = IRMA-RIG-DEV|Any CPU
		{5A4A43B0-0F77-46FF-A269-F2F2BBA05B04}.IRMA-RIG-DEV|Any CPU.Build.0 = IRMA-RIG-DEV|Any CPU
		{5A4A43B0-0F77-46FF-A269-F2F2BBA05B04}.Release|Any CPU.ActiveCfg = Release|Any CPU
		{5A4A43B0-0F77-46FF-A269-F2F2BBA05B04}.Release|Any CPU.Build.0 = Release|Any CPU
		{5A4A43B0-0F77-46FF-A269-F2F2BBA05B04}.RIG-UAT|Any CPU.ActiveCfg = RIG-UAT|Any CPU
		{5A4A43B0-0F77-46FF-A269-F2F2BBA05B04}.RIG-UAT|Any CPU.Build.0 = RIG-UAT|Any CPU
		{5A4A43B0-0F77-46FF-A269-F2F2BBA05B04}.UAT|Any CPU.ActiveCfg = Release|Any CPU
		{5A4A43B0-0F77-46FF-A269-F2F2BBA05B04}.UAT|Any CPU.Build.0 = Release|Any CPU
		{3DBC81AC-58A9-44D7-A2D5-E9D57617DFE1}.Corp-UAT|Any CPU.ActiveCfg = Corp-UAT|Any CPU
		{3DBC81AC-58A9-44D7-A2D5-E9D57617DFE1}.Corp-UAT|Any CPU.Build.0 = Corp-UAT|Any CPU
		{3DBC81AC-58A9-44D7-A2D5-E9D57617DFE1}.Debug|Any CPU.ActiveCfg = Debug|Any CPU
		{3DBC81AC-58A9-44D7-A2D5-E9D57617DFE1}.Debug|Any CPU.Build.0 = Debug|Any CPU
		{3DBC81AC-58A9-44D7-A2D5-E9D57617DFE1}.IRMA-RIG-DEV|Any CPU.ActiveCfg = IRMA-RIG-DEV|Any CPU
		{3DBC81AC-58A9-44D7-A2D5-E9D57617DFE1}.IRMA-RIG-DEV|Any CPU.Build.0 = IRMA-RIG-DEV|Any CPU
		{3DBC81AC-58A9-44D7-A2D5-E9D57617DFE1}.Release|Any CPU.ActiveCfg = Release|Any CPU
		{3DBC81AC-58A9-44D7-A2D5-E9D57617DFE1}.Release|Any CPU.Build.0 = Release|Any CPU
		{3DBC81AC-58A9-44D7-A2D5-E9D57617DFE1}.RIG-UAT|Any CPU.ActiveCfg = RIG-UAT|Any CPU
		{3DBC81AC-58A9-44D7-A2D5-E9D57617DFE1}.RIG-UAT|Any CPU.Build.0 = RIG-UAT|Any CPU
		{3DBC81AC-58A9-44D7-A2D5-E9D57617DFE1}.UAT|Any CPU.ActiveCfg = Release|Any CPU
		{3DBC81AC-58A9-44D7-A2D5-E9D57617DFE1}.UAT|Any CPU.Build.0 = Release|Any CPU
		{9D824D72-7721-4DBC-986B-27D6314B4B93}.Corp-UAT|Any CPU.ActiveCfg = Corp-UAT|Any CPU
		{9D824D72-7721-4DBC-986B-27D6314B4B93}.Corp-UAT|Any CPU.Build.0 = Corp-UAT|Any CPU
		{9D824D72-7721-4DBC-986B-27D6314B4B93}.Debug|Any CPU.ActiveCfg = Debug|Any CPU
		{9D824D72-7721-4DBC-986B-27D6314B4B93}.Debug|Any CPU.Build.0 = Debug|Any CPU
		{9D824D72-7721-4DBC-986B-27D6314B4B93}.IRMA-RIG-DEV|Any CPU.ActiveCfg = IRMA-RIG-DEV|Any CPU
		{9D824D72-7721-4DBC-986B-27D6314B4B93}.IRMA-RIG-DEV|Any CPU.Build.0 = IRMA-RIG-DEV|Any CPU
		{9D824D72-7721-4DBC-986B-27D6314B4B93}.Release|Any CPU.ActiveCfg = Release|Any CPU
		{9D824D72-7721-4DBC-986B-27D6314B4B93}.Release|Any CPU.Build.0 = Release|Any CPU
		{9D824D72-7721-4DBC-986B-27D6314B4B93}.RIG-UAT|Any CPU.ActiveCfg = RIG-UAT|Any CPU
		{9D824D72-7721-4DBC-986B-27D6314B4B93}.RIG-UAT|Any CPU.Build.0 = RIG-UAT|Any CPU
		{9D824D72-7721-4DBC-986B-27D6314B4B93}.UAT|Any CPU.ActiveCfg = Release|Any CPU
		{9D824D72-7721-4DBC-986B-27D6314B4B93}.UAT|Any CPU.Build.0 = Release|Any CPU
		{F977169F-CC86-4A8C-9966-5866B960480E}.Corp-UAT|Any CPU.ActiveCfg = Corp-UAT|Any CPU
		{F977169F-CC86-4A8C-9966-5866B960480E}.Corp-UAT|Any CPU.Build.0 = Corp-UAT|Any CPU
		{F977169F-CC86-4A8C-9966-5866B960480E}.Debug|Any CPU.ActiveCfg = Debug|Any CPU
		{F977169F-CC86-4A8C-9966-5866B960480E}.Debug|Any CPU.Build.0 = Debug|Any CPU
		{F977169F-CC86-4A8C-9966-5866B960480E}.IRMA-RIG-DEV|Any CPU.ActiveCfg = IRMA-RIG-DEV|Any CPU
		{F977169F-CC86-4A8C-9966-5866B960480E}.IRMA-RIG-DEV|Any CPU.Build.0 = IRMA-RIG-DEV|Any CPU
		{F977169F-CC86-4A8C-9966-5866B960480E}.Release|Any CPU.ActiveCfg = Release|Any CPU
		{F977169F-CC86-4A8C-9966-5866B960480E}.Release|Any CPU.Build.0 = Release|Any CPU
		{F977169F-CC86-4A8C-9966-5866B960480E}.RIG-UAT|Any CPU.ActiveCfg = RIG-UAT|Any CPU
		{F977169F-CC86-4A8C-9966-5866B960480E}.RIG-UAT|Any CPU.Build.0 = RIG-UAT|Any CPU
		{F977169F-CC86-4A8C-9966-5866B960480E}.UAT|Any CPU.ActiveCfg = Release|Any CPU
		{F977169F-CC86-4A8C-9966-5866B960480E}.UAT|Any CPU.Build.0 = Release|Any CPU
	EndGlobalSection
	GlobalSection(SolutionProperties) = preSolution
		HideSolutionNode = FALSE
	EndGlobalSection
	GlobalSection(ExtensibilityGlobals) = postSolution
		SolutionGuid = {60FAF84A-82ED-4B28-833F-5ADBA2C636E7}
	EndGlobalSection
	GlobalSection(TeamFoundationVersionControl) = preSolution
		SccNumberOfProjects = 19
		SccEnterpriseProvider = {4CA58AB2-18FA-4F8D-95D4-32DDF27D184C}
		SccTeamFoundationServer = http://ddr-tfs01np:8080/tfs/irmacollection
		SccLocalPath0 = .
		SccProjectUniqueName1 = Ensco.Irma.Models\\Ensco.Irma.Models.csproj
		SccProjectName1 = Ensco.Irma.Models
		SccLocalPath1 = Ensco.Irma.Models
		SccProjectUniqueName2 = Ensco.Irma.Data\\Ensco.Irma.Data.csproj
		SccProjectName2 = Ensco.Irma.Data
		SccLocalPath2 = Ensco.Irma.Data
		SccProjectUniqueName3 = Ensco.Irma.Services\\Ensco.Irma.Services.csproj
		SccProjectName3 = Ensco.Irma.Services
		SccLocalPath3 = Ensco.Irma.Services
		SccProjectUniqueName4 = Ensco.App\\Ensco.App.csproj
		SccProjectName4 = Ensco.App
		SccLocalPath4 = Ensco.App
		SccProjectUniqueName5 = ..\\..\\Common\\Ensco.Data\\Ensco.Data.csproj
		SccProjectName5 = ../../Common/Ensco.Data
		SccLocalPath5 = ..\\..\\Common\\Ensco.Data
		SccProjectUniqueName6 = ..\\..\\Common\\Ensco.Models\\Ensco.Models.csproj
		SccProjectName6 = ../../Common/Ensco.Models
		SccLocalPath6 = ..\\..\\Common\\Ensco.Models
		SccProjectUniqueName7 = ..\\..\\Common\\Ensco.Services\\Ensco.Services.csproj
		SccProjectName7 = ../../Common/Ensco.Services
		SccLocalPath7 = ..\\..\\Common\\Ensco.Services
		SccProjectUniqueName8 = ..\\..\\Common\\Ensco.Utilities\\Ensco.Utilities.csproj
		SccProjectName8 = ../../Common/Ensco.Utilities
		SccLocalPath8 = ..\\..\\Common\\Ensco.Utilities
		SccProjectUniqueName9 = ..\\..\\Common\\Ensco.Resources\\Ensco.Resources.csproj
		SccProjectName9 = ../../Common/Ensco.Resources
		SccLocalPath9 = ..\\..\\Common\\Ensco.Resources
		SccProjectUniqueName10 = Ensco.FSO.Models\\Ensco.FSO.Models.csproj
		SccProjectName10 = Ensco.FSO.Models
		SccLocalPath10 = Ensco.FSO.Models
		SccProjectUniqueName11 = Ensco.FSO.Services\\Ensco.FSO.Services.csproj
		SccProjectName11 = Ensco.FSO.Services
		SccLocalPath11 = Ensco.FSO.Services
		SccProjectUniqueName12 = ..\\Ensco.TLC.App\\Ensco.TLC.Data\\Ensco.TLC.Data.csproj
		SccProjectName12 = ../Ensco.TLC.App/Ensco.TLC.Data
		SccLocalPath12 = ..\\Ensco.TLC.App\\Ensco.TLC.Data
		SccProjectUniqueName13 = ..\\Ensco.TLC.App\\Ensco.TLC.Models\\Ensco.TLC.Models.csproj
		SccProjectName13 = ../Ensco.TLC.App/Ensco.TLC.Models
		SccLocalPath13 = ..\\Ensco.TLC.App\\Ensco.TLC.Models
		SccProjectUniqueName14 = ..\\Ensco.TLC.App\\Ensco.TLC.Services\\Ensco.TLC.Services.csproj
		SccLocalPath14 = ..\\Ensco.TLC.App\\Ensco.TLC.Services		
		SccProjectFilePathRelativizedFromConnection14 = ..\\Ensco.TLC.Services\\
		SccProjectUniqueName15 = Ensco.Scheduler\\Ensco.Scheduler.csproj
		SccLocalPath15 = Ensco.Scheduler		
		SccProjectFilePathRelativizedFromConnection15 = ..\\Ensco.Scheduler\\
		SccProjectUniqueName16 = Ensco.Oap.Common\\Ensco.Irma.Oap.Common.csproj
		SccProjectName16 = Ensco.Oap.Common
		SccLocalPath16 = Ensco.Oap.Common
		SccProjectUniqueName17 = Ensco.OAP.Models\\Ensco.OAP.Models.csproj
		SccProjectName17 = Ensco.OAP.Models
		SccLocalPath17 = Ensco.OAP.Models
		SccProjectUniqueName18 = Ensco.OAP.Services\\Ensco.OAP.Services.csproj
		SccProjectName18 = Ensco.OAP.Services
		SccLocalPath18 = Ensco.OAP.Services
	EndGlobalSection
	GlobalSection(Performance) = preSolution
		HasPerformanceSessions = true
	EndGlobalSection
	GlobalSection(Performance) = preSolution
		HasPerformanceSessions = true
	EndGlobalSection
EndGlobal
